
Microsoft Visual Studio Solution File, Format Version 12.00
# Visual Studio Version 17
VisualStudioVersion = 17.7.34302.85
MinimumVisualStudioVersion = 10.0.40219.1
Project("{9A19103F-16F7-4668-BE54-9A1E7A4F7556}") = "SharpVE", "SharpVE\SharpVE.csproj", "{BE9B575D-A57E-4214-BE06-66DFCB557388}"
EndProject
Project("{9A19103F-16F7-4668-BE54-9A1E7A4F7556}") = "SharpVE.Core", "SharpVE.Core\SharpVE.Core.csproj", "{342510D8-1191-45A2-B4A7-A52007B0D309}"
EndProject
Project("{FAE04EC0-301F-11D3-BF4B-00C04F79EFBC}") = "SharpVE.OpenGL", "SharpVE.OpenGL\SharpVE.OpenGL.csproj", "{7BFA265B-A442-4199-B3C6-E3F80408DA6B}"
EndProject
Project("{FAE04EC0-301F-11D3-BF4B-00C04F79EFBC}") = "SharpVE.DirectX12", "SharpVE.DirectX12\SharpVE.DirectX12.csproj", "{29CE214A-CD67-471B-AD6E-216CE329349D}"
EndProject
Project("{FAE04EC0-301F-11D3-BF4B-00C04F79EFBC}") = "SharpVE.World", "SharpVE.World\SharpVE.World.csproj", "{AE6E23C1-9A1F-45F4-A8DA-5A1EB06CF77F}"
EndProject
Global
	GlobalSection(SolutionConfigurationPlatforms) = preSolution
		Debug|Any CPU = Debug|Any CPU
		Release|Any CPU = Release|Any CPU
	EndGlobalSection
	GlobalSection(ProjectConfigurationPlatforms) = postSolution
		{BE9B575D-A57E-4214-BE06-66DFCB557388}.Debug|Any CPU.ActiveCfg = Debug|Any CPU
		{BE9B575D-A57E-4214-BE06-66DFCB557388}.Debug|Any CPU.Build.0 = Debug|Any CPU
		{BE9B575D-A57E-4214-BE06-66DFCB557388}.Release|Any CPU.ActiveCfg = Release|Any CPU
		{BE9B575D-A57E-4214-BE06-66DFCB557388}.Release|Any CPU.Build.0 = Release|Any CPU
		{342510D8-1191-45A2-B4A7-A52007B0D309}.Debug|Any CPU.ActiveCfg = Debug|Any CPU
		{342510D8-1191-45A2-B4A7-A52007B0D309}.Debug|Any CPU.Build.0 = Debug|Any CPU
		{342510D8-1191-45A2-B4A7-A52007B0D309}.Release|Any CPU.ActiveCfg = Release|Any CPU
		{342510D8-1191-45A2-B4A7-A52007B0D309}.Release|Any CPU.Build.0 = Release|Any CPU
		{7BFA265B-A442-4199-B3C6-E3F80408DA6B}.Debug|Any CPU.ActiveCfg = Debug|Any CPU
		{7BFA265B-A442-4199-B3C6-E3F80408DA6B}.Debug|Any CPU.Build.0 = Debug|Any CPU
		{7BFA265B-A442-4199-B3C6-E3F80408DA6B}.Release|Any CPU.ActiveCfg = Release|Any CPU
		{7BFA265B-A442-4199-B3C6-E3F80408DA6B}.Release|Any CPU.Build.0 = Release|Any CPU
		{29CE214A-CD67-471B-AD6E-216CE329349D}.Debug|Any CPU.ActiveCfg = Debug|Any CPU
		{29CE214A-CD67-471B-AD6E-216CE329349D}.Debug|Any CPU.Build.0 = Debug|Any CPU
		{29CE214A-CD67-471B-AD6E-216CE329349D}.Release|Any CPU.ActiveCfg = Release|Any CPU
		{29CE214A-CD67-471B-AD6E-216CE329349D}.Release|Any CPU.Build.0 = Release|Any CPU
		{AE6E23C1-9A1F-45F4-A8DA-5A1EB06CF77F}.Debug|Any CPU.ActiveCfg = Debug|Any CPU
		{AE6E23C1-9A1F-45F4-A8DA-5A1EB06CF77F}.Debug|Any CPU.Build.0 = Debug|Any CPU
		{AE6E23C1-9A1F-45F4-A8DA-5A1EB06CF77F}.Release|Any CPU.ActiveCfg = Release|Any CPU
		{AE6E23C1-9A1F-45F4-A8DA-5A1EB06CF77F}.Release|Any CPU.Build.0 = Release|Any CPU
	EndGlobalSection
	GlobalSection(SolutionProperties) = preSolution
		HideSolutionNode = FALSE
	EndGlobalSection
	GlobalSection(ExtensibilityGlobals) = postSolution
		SolutionGuid = {60A30632-668A-4E14-9D3E-DEEB41ACF1BF}
	EndGlobalSection
EndGlobal
